
Microsoft Visual Studio Solution File, Format Version 12.00
# Visual Studio 15
VisualStudioVersion = 15.0.27130.2027
MinimumVisualStudioVersion = 10.0.40219.1
Project("{FAE04EC0-301F-11D3-BF4B-00C04F79EFBC}") = "sina-qrcode-login", "sina-qrcode-login\sina-qrcode-login.csproj", "{489E348B-0F1F-493B-B128-61EAFB8ADD45}"
EndProject
Global
	GlobalSection(SolutionConfigurationPlatforms) = preSolution
		Debug|Any CPU = Debug|Any CPU
		Release|Any CPU = Release|Any CPU
	EndGlobalSection
	GlobalSection(ProjectConfigurationPlatforms) = postSolution
		{489E348B-0F1F-493B-B128-61EAFB8ADD45}.Debug|Any CPU.ActiveCfg = Debug|Any CPU
		{489E348B-0F1F-493B-B128-61EAFB8ADD45}.Debug|Any CPU.Build.0 = Debug|Any CPU
		{489E348B-0F1F-493B-B128-61EAFB8ADD45}.Release|Any CPU.ActiveCfg = Release|Any CPU
		{489E348B-0F1F-493B-B128-61EAFB8ADD45}.Release|Any CPU.Build.0 = Release|Any CPU
	EndGlobalSection
	GlobalSection(SolutionProperties) = preSolution
		HideSolutionNode = FALSE
	EndGlobalSection
	GlobalSection(ExtensibilityGlobals) = postSolution
		SolutionGuid = {5A4CF47A-FABD-44E4-A32F-6540CCBF022A}
	EndGlobalSection
EndGlobal
